
Microsoft Visual Studio Solution File, Format Version 12.00
# Visual Studio Version 16
VisualStudioVersion = 16.0.30002.166
MinimumVisualStudioVersion = 10.0.40219.1
Project("{FAE04EC0-301F-11D3-BF4B-00C04F79EFBC}") = "ActionsTest", "ActionsTest.csproj", "{61D8B0ED-7ACD-4145-A979-A6BA51F0C429}"
EndProject
Global
	GlobalSection(SolutionConfigurationPlatforms) = preSolution
		Debug|Any CPU = Debug|Any CPU
		Release|Any CPU = Release|Any CPU
	EndGlobalSection
	GlobalSection(ProjectConfigurationPlatforms) = postSolution
		{61D8B0ED-7ACD-4145-A979-A6BA51F0C429}.Debug|Any CPU.ActiveCfg = Debug|Any CPU
		{61D8B0ED-7ACD-4145-A979-A6BA51F0C429}.Debug|Any CPU.Build.0 = Debug|Any CPU
		{61D8B0ED-7ACD-4145-A979-A6BA51F0C429}.Release|Any CPU.ActiveCfg = Release|Any CPU
		{61D8B0ED-7ACD-4145-A979-A6BA51F0C429}.Release|Any CPU.Build.0 = Release|Any CPU
	EndGlobalSection
	GlobalSection(SolutionProperties) = preSolution
		HideSolutionNode = FALSE
	EndGlobalSection
	GlobalSection(ExtensibilityGlobals) = postSolution
		SolutionGuid = {471F5A6B-CCF6-4550-9726-C55CE6574DD7}
	EndGlobalSection
EndGlobal
